
Microsoft Visual Studio Solution File, Format Version 12.00
# Visual Studio Version 16
VisualStudioVersion = 16.0.30204.135
MinimumVisualStudioVersion = 10.0.40219.1
Project("{FAE04EC0-301F-11D3-BF4B-00C04F79EFBC}") = "Communication", "Communication\Communication.csproj", "{0AFD7545-DE7F-44D0-A3B0-DAF3A1E0844F}"
EndProject
Project("{FAE04EC0-301F-11D3-BF4B-00C04F79EFBC}") = "DataManager", "DataManager\DataManager.csproj", "{65822B2C-229C-4E8C-A38C-6CF87F16D8FE}"
EndProject
Project("{FAE04EC0-301F-11D3-BF4B-00C04F79EFBC}") = "iRLeagueManager", "iRLeagueManager\iRLeagueManager.csproj", "{B09E6632-E34F-4949-B331-40912B7689DE}"
EndProject
Project("{FAE04EC0-301F-11D3-BF4B-00C04F79EFBC}") = "TestConsole", "TestConsole\TestConsole.csproj", "{BBF91BDF-FB5F-4C01-866C-824356611A99}"
EndProject
Global
	GlobalSection(SolutionConfigurationPlatforms) = preSolution
		Debug Web|Any CPU = Debug Web|Any CPU
		Debug|Any CPU = Debug|Any CPU
		Release|Any CPU = Release|Any CPU
	EndGlobalSection
	GlobalSection(ProjectConfigurationPlatforms) = postSolution
		{0AFD7545-DE7F-44D0-A3B0-DAF3A1E0844F}.Debug Web|Any CPU.ActiveCfg = Debug Local|Any CPU
		{0AFD7545-DE7F-44D0-A3B0-DAF3A1E0844F}.Debug Web|Any CPU.Build.0 = Debug Local|Any CPU
		{0AFD7545-DE7F-44D0-A3B0-DAF3A1E0844F}.Debug|Any CPU.ActiveCfg = Debug|Any CPU
		{0AFD7545-DE7F-44D0-A3B0-DAF3A1E0844F}.Debug|Any CPU.Build.0 = Debug|Any CPU
		{0AFD7545-DE7F-44D0-A3B0-DAF3A1E0844F}.Release|Any CPU.ActiveCfg = Release|Any CPU
		{0AFD7545-DE7F-44D0-A3B0-DAF3A1E0844F}.Release|Any CPU.Build.0 = Release|Any CPU
		{65822B2C-229C-4E8C-A38C-6CF87F16D8FE}.Debug Web|Any CPU.ActiveCfg = Debug Local|Any CPU
		{65822B2C-229C-4E8C-A38C-6CF87F16D8FE}.Debug Web|Any CPU.Build.0 = Debug Local|Any CPU
		{65822B2C-229C-4E8C-A38C-6CF87F16D8FE}.Debug|Any CPU.ActiveCfg = Debug|Any CPU
		{65822B2C-229C-4E8C-A38C-6CF87F16D8FE}.Debug|Any CPU.Build.0 = Debug|Any CPU
		{65822B2C-229C-4E8C-A38C-6CF87F16D8FE}.Release|Any CPU.ActiveCfg = Release|Any CPU
		{65822B2C-229C-4E8C-A38C-6CF87F16D8FE}.Release|Any CPU.Build.0 = Release|Any CPU
		{B09E6632-E34F-4949-B331-40912B7689DE}.Debug Web|Any CPU.ActiveCfg = Debug Local|Any CPU
		{B09E6632-E34F-4949-B331-40912B7689DE}.Debug Web|Any CPU.Build.0 = Debug Local|Any CPU
		{B09E6632-E34F-4949-B331-40912B7689DE}.Debug|Any CPU.ActiveCfg = Debug|Any CPU
		{B09E6632-E34F-4949-B331-40912B7689DE}.Debug|Any CPU.Build.0 = Debug|Any CPU
		{B09E6632-E34F-4949-B331-40912B7689DE}.Release|Any CPU.ActiveCfg = Release|Any CPU
		{B09E6632-E34F-4949-B331-40912B7689DE}.Release|Any CPU.Build.0 = Release|Any CPU
		{BBF91BDF-FB5F-4C01-866C-824356611A99}.Debug Web|Any CPU.ActiveCfg = Debug Local|Any CPU
		{BBF91BDF-FB5F-4C01-866C-824356611A99}.Debug Web|Any CPU.Build.0 = Debug Local|Any CPU
		{BBF91BDF-FB5F-4C01-866C-824356611A99}.Debug|Any CPU.ActiveCfg = Debug|Any CPU
		{BBF91BDF-FB5F-4C01-866C-824356611A99}.Debug|Any CPU.Build.0 = Debug|Any CPU
		{BBF91BDF-FB5F-4C01-866C-824356611A99}.Release|Any CPU.ActiveCfg = Release|Any CPU
		{BBF91BDF-FB5F-4C01-866C-824356611A99}.Release|Any CPU.Build.0 = Release|Any CPU
	EndGlobalSection
	GlobalSection(SolutionProperties) = preSolution
		HideSolutionNode = FALSE
	EndGlobalSection
	GlobalSection(ExtensibilityGlobals) = postSolution
		SolutionGuid = {73536F4F-F66B-40CD-BE24-87994A3F6641}
	EndGlobalSection
EndGlobal
